// !$*UTF8*$!
{
	archiveVersion = 1;
	classes = {
	};
	objectVersion = 54;
	objects = {

/* Begin PBXBuildFile section */
		84369D9C295A462500A71FB5 /* HomeViewRow.swift in Sources */ = {isa = PBXBuildFile; fileRef = 84369D9B295A462500A71FB5 /* HomeViewRow.swift */; };
		846E09F3295CD63A00EE4D34 /* Constants.swift in Sources */ = {isa = PBXBuildFile; fileRef = 846E09F2295CD63A00EE4D34 /* Constants.swift */; };
		8481F50829A5C35A00333557 /* ContentViewRow.swift in Sources */ = {isa = PBXBuildFile; fileRef = 8481F50729A5C35A00333557 /* ContentViewRow.swift */; };
		848D33C62956601E00F242C4 /* The_Learning_App.swift in Sources */ = {isa = PBXBuildFile; fileRef = 848D33C52956601E00F242C4 /* The_Learning_App.swift */; };
		848D33C82956601E00F242C4 /* HomeView.swift in Sources */ = {isa = PBXBuildFile; fileRef = 848D33C72956601E00F242C4 /* HomeView.swift */; };
		848D33CA2956601F00F242C4 /* Assets.xcassets in Resources */ = {isa = PBXBuildFile; fileRef = 848D33C92956601F00F242C4 /* Assets.xcassets */; };
		848D33CD2956601F00F242C4 /* Preview Assets.xcassets in Resources */ = {isa = PBXBuildFile; fileRef = 848D33CC2956601F00F242C4 /* Preview Assets.xcassets */; };
		848D33DB2956619800F242C4 /* ContentModel.swift in Sources */ = {isa = PBXBuildFile; fileRef = 848D33DA2956619800F242C4 /* ContentModel.swift */; };
		848D33DE295664A200F242C4 /* style.html in Resources */ = {isa = PBXBuildFile; fileRef = 848D33DC295664A200F242C4 /* style.html */; };
		848D33DF295664A200F242C4 /* data.json in Resources */ = {isa = PBXBuildFile; fileRef = 848D33DD295664A200F242C4 /* data.json */; };
		848D33E3295666E100F242C4 /* Module.swift in Sources */ = {isa = PBXBuildFile; fileRef = 848D33E2295666E100F242C4 /* Module.swift */; };
		848D33E529566B4A00F242C4 /* NetworkLayer.swift in Sources */ = {isa = PBXBuildFile; fileRef = 848D33E429566B4A00F242C4 /* NetworkLayer.swift */; };
		8495DB45295D20A5003B5FE5 /* AVKit.framework in Frameworks */ = {isa = PBXBuildFile; fileRef = 846E09F0295CD32B00EE4D34 /* AVKit.framework */; };
		8499BA09296E4BDB00452333 /* ContentView.swift in Sources */ = {isa = PBXBuildFile; fileRef = 8499BA08296E4BDB00452333 /* ContentView.swift */; };
/* End PBXBuildFile section */

/* Begin PBXFileReference section */
		84369D9B295A462500A71FB5 /* HomeViewRow.swift */ = {isa = PBXFileReference; lastKnownFileType = sourcecode.swift; path = HomeViewRow.swift; sourceTree = "<group>"; };
		846E09F0295CD32B00EE4D34 /* AVKit.framework */ = {isa = PBXFileReference; lastKnownFileType = wrapper.framework; name = AVKit.framework; path = System/Library/Frameworks/AVKit.framework; sourceTree = SDKROOT; };
		846E09F2295CD63A00EE4D34 /* Constants.swift */ = {isa = PBXFileReference; lastKnownFileType = sourcecode.swift; path = Constants.swift; sourceTree = "<group>"; };
		8481F50729A5C35A00333557 /* ContentViewRow.swift */ = {isa = PBXFileReference; lastKnownFileType = sourcecode.swift; path = ContentViewRow.swift; sourceTree = "<group>"; };
		848D33C22956601E00F242C4 /* The_Learning_App.app */ = {isa = PBXFileReference; explicitFileType = wrapper.application; includeInIndex = 0; path = The_Learning_App.app; sourceTree = BUILT_PRODUCTS_DIR; };
		848D33C52956601E00F242C4 /* The_Learning_App.swift */ = {isa = PBXFileReference; lastKnownFileType = sourcecode.swift; path = The_Learning_App.swift; sourceTree = "<group>"; };
		848D33C72956601E00F242C4 /* HomeView.swift */ = {isa = PBXFileReference; lastKnownFileType = sourcecode.swift; path = HomeView.swift; sourceTree = "<group>"; };
		848D33C92956601F00F242C4 /* Assets.xcassets */ = {isa = PBXFileReference; lastKnownFileType = folder.assetcatalog; path = Assets.xcassets; sourceTree = "<group>"; };
		848D33CC2956601F00F242C4 /* Preview Assets.xcassets */ = {isa = PBXFileReference; lastKnownFileType = folder.assetcatalog; path = "Preview Assets.xcassets"; sourceTree = "<group>"; };
		848D33DA2956619800F242C4 /* ContentModel.swift */ = {isa = PBXFileReference; lastKnownFileType = sourcecode.swift; path = ContentModel.swift; sourceTree = "<group>"; };
		848D33DC295664A200F242C4 /* style.html */ = {isa = PBXFileReference; fileEncoding = 4; lastKnownFileType = text.html; path = style.html; sourceTree = "<group>"; };
		848D33DD295664A200F242C4 /* data.json */ = {isa = PBXFileReference; fileEncoding = 4; lastKnownFileType = text.json; path = data.json; sourceTree = "<group>"; };
		848D33E2295666E100F242C4 /* Module.swift */ = {isa = PBXFileReference; lastKnownFileType = sourcecode.swift; path = Module.swift; sourceTree = "<group>"; };
		848D33E429566B4A00F242C4 /* NetworkLayer.swift */ = {isa = PBXFileReference; lastKnownFileType = sourcecode.swift; path = NetworkLayer.swift; sourceTree = "<group>"; };
		8499BA08296E4BDB00452333 /* ContentView.swift */ = {isa = PBXFileReference; lastKnownFileType = sourcecode.swift; path = ContentView.swift; sourceTree = "<group>"; };
/* End PBXFileReference section */

/* Begin PBXFrameworksBuildPhase section */
		848D33BF2956601E00F242C4 /* Frameworks */ = {
			isa = PBXFrameworksBuildPhase;
			buildActionMask = 2147483647;
			files = (
				8495DB45295D20A5003B5FE5 /* AVKit.framework in Frameworks */,
			);
			runOnlyForDeploymentPostprocessing = 0;
		};
/* End PBXFrameworksBuildPhase section */

/* Begin PBXGroup section */
		846E09EF295CD32B00EE4D34 /* Frameworks */ = {
			isa = PBXGroup;
			children = (
				846E09F0295CD32B00EE4D34 /* AVKit.framework */,
			);
			name = Frameworks;
			sourceTree = "<group>";
		};
		848D33B92956601E00F242C4 = {
			isa = PBXGroup;
			children = (
				848D33C42956601E00F242C4 /* The_Learning_App */,
				848D33D8295660A800F242C4 /* Model */,
				848D33D7295660A600F242C4 /* Views */,
				848D33D6295660A300F242C4 /* ViewModel */,
				848D33D32956609C00F242C4 /* MainView */,
				848D33D5295660A100F242C4 /* Data */,
				848D33D42956609F00F242C4 /* Network */,
				848D33D92956612600F242C4 /* Utilities */,
				848D33C32956601E00F242C4 /* Products */,
				846E09EF295CD32B00EE4D34 /* Frameworks */,
			);
			sourceTree = "<group>";
		};
		848D33C32956601E00F242C4 /* Products */ = {
			isa = PBXGroup;
			children = (
				848D33C22956601E00F242C4 /* The_Learning_App.app */,
			);
			name = Products;
			sourceTree = "<group>";
		};
		848D33C42956601E00F242C4 /* The_Learning_App */ = {
			isa = PBXGroup;
			children = (
				848D33C52956601E00F242C4 /* The_Learning_App.swift */,
				848D33C92956601F00F242C4 /* Assets.xcassets */,
				848D33CB2956601F00F242C4 /* Preview Content */,
			);
			path = The_Learning_App;
			sourceTree = "<group>";
		};
		848D33CB2956601F00F242C4 /* Preview Content */ = {
			isa = PBXGroup;
			children = (
				848D33CC2956601F00F242C4 /* Preview Assets.xcassets */,
			);
			path = "Preview Content";
			sourceTree = "<group>";
		};
		848D33D32956609C00F242C4 /* MainView */ = {
			isa = PBXGroup;
			children = (
				848D33C72956601E00F242C4 /* HomeView.swift */,
			);
			path = MainView;
			sourceTree = "<group>";
		};
		848D33D42956609F00F242C4 /* Network */ = {
			isa = PBXGroup;
			children = (
				848D33E429566B4A00F242C4 /* NetworkLayer.swift */,
			);
			path = Network;
			sourceTree = "<group>";
		};
		848D33D5295660A100F242C4 /* Data */ = {
			isa = PBXGroup;
			children = (
				848D33DD295664A200F242C4 /* data.json */,
				848D33DC295664A200F242C4 /* style.html */,
			);
			path = Data;
			sourceTree = "<group>";
		};
		848D33D6295660A300F242C4 /* ViewModel */ = {
			isa = PBXGroup;
			children = (
				848D33DA2956619800F242C4 /* ContentModel.swift */,
			);
			path = ViewModel;
			sourceTree = "<group>";
		};
		848D33D7295660A600F242C4 /* Views */ = {
			isa = PBXGroup;
			children = (
				8499BA08296E4BDB00452333 /* ContentView.swift */,
				84369D9B295A462500A71FB5 /* HomeViewRow.swift */,
				8481F50729A5C35A00333557 /* ContentViewRow.swift */,
			);
			path = Views;
			sourceTree = "<group>";
		};
		848D33D8295660A800F242C4 /* Model */ = {
			isa = PBXGroup;
			children = (
				848D33E2295666E100F242C4 /* Module.swift */,
			);
			path = Model;
			sourceTree = "<group>";
		};
		848D33D92956612600F242C4 /* Utilities */ = {
			isa = PBXGroup;
			children = (
				846E09F2295CD63A00EE4D34 /* Constants.swift */,
			);
			path = Utilities;
			sourceTree = "<group>";
		};
/* End PBXGroup section */

/* Begin PBXNativeTarget section */
		848D33C12956601E00F242C4 /* The_Learning_App */ = {
			isa = PBXNativeTarget;
			buildConfigurationList = 848D33D02956601F00F242C4 /* Build configuration list for PBXNativeTarget "The_Learning_App" */;
			buildPhases = (
				848D33BE2956601E00F242C4 /* Sources */,
				848D33BF2956601E00F242C4 /* Frameworks */,
				848D33C02956601E00F242C4 /* Resources */,
			);
			buildRules = (
			);
			dependencies = (
			);
			name = The_Learning_App;
			productName = The_Learning_App;
			productReference = 848D33C22956601E00F242C4 /* The_Learning_App.app */;
			productType = "com.apple.product-type.application";
		};
/* End PBXNativeTarget section */

/* Begin PBXProject section */
		848D33BA2956601E00F242C4 /* Project object */ = {
			isa = PBXProject;
			attributes = {
				BuildIndependentTargetsInParallel = 1;
				LastSwiftUpdateCheck = 1320;
				LastUpgradeCheck = 1320;
				TargetAttributes = {
					848D33C12956601E00F242C4 = {
						CreatedOnToolsVersion = 13.2.1;
					};
				};
			};
			buildConfigurationList = 848D33BD2956601E00F242C4 /* Build configuration list for PBXProject "The_Learning_App" */;
			compatibilityVersion = "Xcode 12.0";
			developmentRegion = en;
			hasScannedForEncodings = 0;
			knownRegions = (
				en,
				Base,
			);
			mainGroup = 848D33B92956601E00F242C4;
			productRefGroup = 848D33C32956601E00F242C4 /* Products */;
			projectDirPath = "";
			projectRoot = "";
			targets = (
				848D33C12956601E00F242C4 /* The_Learning_App */,
			);
		};
/* End PBXProject section */

/* Begin PBXResourcesBuildPhase section */
		848D33C02956601E00F242C4 /* Resources */ = {
			isa = PBXResourcesBuildPhase;
			buildActionMask = 2147483647;
			files = (
				848D33DE295664A200F242C4 /* style.html in Resources */,
				848D33CD2956601F00F242C4 /* Preview Assets.xcassets in Resources */,
				848D33CA2956601F00F242C4 /* Assets.xcassets in Resources */,
				848D33DF295664A200F242C4 /* data.json in Resources */,
			);
			runOnlyForDeploymentPostprocessing = 0;
		};
/* End PBXResourcesBuildPhase section */

/* Begin PBXSourcesBuildPhase section */
		848D33BE2956601E00F242C4 /* Sources */ = {
			isa = PBXSourcesBuildPhase;
			buildActionMask = 2147483647;
			files = (
				848D33C82956601E00F242C4 /* HomeView.swift in Sources */,
				848D33C62956601E00F242C4 /* The_Learning_App.swift in Sources */,
				8499BA09296E4BDB00452333 /* ContentView.swift in Sources */,
				848D33DB2956619800F242C4 /* ContentModel.swift in Sources */,
				848D33E529566B4A00F242C4 /* NetworkLayer.swift in Sources */,
				8481F50829A5C35A00333557 /* ContentViewRow.swift in Sources */,
				84369D9C295A462500A71FB5 /* HomeViewRow.swift in Sources */,
				846E09F3295CD63A00EE4D34 /* Constants.swift in Sources */,
				848D33E3295666E100F242C4 /* Module.swift in Sources */,
			);
			runOnlyForDeploymentPostprocessing = 0;
		};
/* End PBXSourcesBuildPhase section */

/* Begin XCBuildConfiguration section */
		848D33CE2956601F00F242C4 /* Debug */ = {
			isa = XCBuildConfiguration;
			buildSettings = {
				ALWAYS_SEARCH_USER_PATHS = NO;
				CLANG_ANALYZER_NONNULL = YES;
				CLANG_ANALYZER_NUMBER_OBJECT_CONVERSION = YES_AGGRESSIVE;
				CLANG_CXX_LANGUAGE_STANDARD = "gnu++17";
				CLANG_CXX_LIBRARY = "libc++";
				CLANG_ENABLE_MODULES = YES;
				CLANG_ENABLE_OBJC_ARC = YES;
				CLANG_ENABLE_OBJC_WEAK = YES;
				CLANG_WARN_BLOCK_CAPTURE_AUTORELEASING = YES;
				CLANG_WARN_BOOL_CONVERSION = YES;
				CLANG_WARN_COMMA = YES;
				CLANG_WARN_CONSTANT_CONVERSION = YES;
				CLANG_WARN_DEPRECATED_OBJC_IMPLEMENTATIONS = YES;
				CLANG_WARN_DIRECT_OBJC_ISA_USAGE = YES_ERROR;
				CLANG_WARN_DOCUMENTATION_COMMENTS = YES;
				CLANG_WARN_EMPTY_BODY = YES;
				CLANG_WARN_ENUM_CONVERSION = YES;
				CLANG_WARN_INFINITE_RECURSION = YES;
				CLANG_WARN_INT_CONVERSION = YES;
				CLANG_WARN_NON_LITERAL_NULL_CONVERSION = YES;
				CLANG_WARN_OBJC_IMPLICIT_RETAIN_SELF = YES;
				CLANG_WARN_OBJC_LITERAL_CONVERSION = YES;
				CLANG_WARN_OBJC_ROOT_CLASS = YES_ERROR;
				CLANG_WARN_QUOTED_INCLUDE_IN_FRAMEWORK_HEADER = YES;
				CLANG_WARN_RANGE_LOOP_ANALYSIS = YES;
				CLANG_WARN_STRICT_PROTOTYPES = YES;
				CLANG_WARN_SUSPICIOUS_MOVE = YES;
				CLANG_WARN_UNGUARDED_AVAILABILITY = YES_AGGRESSIVE;
				CLANG_WARN_UNREACHABLE_CODE = YES;
				CLANG_WARN__DUPLICATE_METHOD_MATCH = YES;
				COPY_PHASE_STRIP = NO;
				DEBUG_INFORMATION_FORMAT = dwarf;
				ENABLE_STRICT_OBJC_MSGSEND = YES;
				ENABLE_TESTABILITY = YES;
				GCC_C_LANGUAGE_STANDARD = gnu11;
				GCC_DYNAMIC_NO_PIC = NO;
				GCC_NO_COMMON_BLOCKS = YES;
				GCC_OPTIMIZATION_LEVEL = 0;
				GCC_PREPROCESSOR_DEFINITIONS = (
					"DEBUG=1",
					"$(inherited)",
				);
				GCC_WARN_64_TO_32_BIT_CONVERSION = YES;
				GCC_WARN_ABOUT_RETURN_TYPE = YES_ERROR;
				GCC_WARN_UNDECLARED_SELECTOR = YES;
				GCC_WARN_UNINITIALIZED_AUTOS = YES_AGGRESSIVE;
				GCC_WARN_UNUSED_FUNCTION = YES;
				GCC_WARN_UNUSED_VARIABLE = YES;
				IPHONEOS_DEPLOYMENT_TARGET = 15.2;
				MTL_ENABLE_DEBUG_INFO = INCLUDE_SOURCE;
				MTL_FAST_MATH = YES;
				ONLY_ACTIVE_ARCH = YES;
				SDKROOT = iphoneos;
				SWIFT_ACTIVE_COMPILATION_CONDITIONS = DEBUG;
				SWIFT_OPTIMIZATION_LEVEL = "-Onone";
			};
			name = Debug;
		};
		848D33CF2956601F00F242C4 /* Release */ = {
			isa = XCBuildConfiguration;
			buildSettings = {
				ALWAYS_SEARCH_USER_PATHS = NO;
				CLANG_ANALYZER_NONNULL = YES;
				CLANG_ANALYZER_NUMBER_OBJECT_CONVERSION = YES_AGGRESSIVE;
				CLANG_CXX_LANGUAGE_STANDARD = "gnu++17";
				CLANG_CXX_LIBRARY = "libc++";
				CLANG_ENABLE_MODULES = YES;
				CLANG_ENABLE_OBJC_ARC = YES;
				CLANG_ENABLE_OBJC_WEAK = YES;
				CLANG_WARN_BLOCK_CAPTURE_AUTORELEASING = YES;
				CLANG_WARN_BOOL_CONVERSION = YES;
				CLANG_WARN_COMMA = YES;
				CLANG_WARN_CONSTANT_CONVERSION = YES;
				CLANG_WARN_DEPRECATED_OBJC_IMPLEMENTATIONS = YES;
				CLANG_WARN_DIRECT_OBJC_ISA_USAGE = YES_ERROR;
				CLANG_WARN_DOCUMENTATION_COMMENTS = YES;
				CLANG_WARN_EMPTY_BODY = YES;
				CLANG_WARN_ENUM_CONVERSION = YES;
				CLANG_WARN_INFINITE_RECURSION = YES;
				CLANG_WARN_INT_CONVERSION = YES;
				CLANG_WARN_NON_LITERAL_NULL_CONVERSION = YES;
				CLANG_WARN_OBJC_IMPLICIT_RETAIN_SELF = YES;
				CLANG_WARN_OBJC_LITERAL_CONVERSION = YES;
				CLANG_WARN_OBJC_ROOT_CLASS = YES_ERROR;
				CLANG_WARN_QUOTED_INCLUDE_IN_FRAMEWORK_HEADER = YES;
				CLANG_WARN_RANGE_LOOP_ANALYSIS = YES;
				CLANG_WARN_STRICT_PROTOTYPES = YES;
				CLANG_WARN_SUSPICIOUS_MOVE = YES;
				CLANG_WARN_UNGUARDED_AVAILABILITY = YES_AGGRESSIVE;
				CLANG_WARN_UNREACHABLE_CODE = YES;
				CLANG_WARN__DUPLICATE_METHOD_MATCH = YES;
				COPY_PHASE_STRIP = NO;
				DEBUG_INFORMATION_FORMAT = "dwarf-with-dsym";
				ENABLE_NS_ASSERTIONS = NO;
				ENABLE_STRICT_OBJC_MSGSEND = YES;
				GCC_C_LANGUAGE_STANDARD = gnu11;
				GCC_NO_COMMON_BLOCKS = YES;
				GCC_WARN_64_TO_32_BIT_CONVERSION = YES;
				GCC_WARN_ABOUT_RETURN_TYPE = YES_ERROR;
				GCC_WARN_UNDECLARED_SELECTOR = YES;
				GCC_WARN_UNINITIALIZED_AUTOS = YES_AGGRESSIVE;
				GCC_WARN_UNUSED_FUNCTION = YES;
				GCC_WARN_UNUSED_VARIABLE = YES;
				IPHONEOS_DEPLOYMENT_TARGET = 15.2;
				MTL_ENABLE_DEBUG_INFO = NO;
				MTL_FAST_MATH = YES;
				SDKROOT = iphoneos;
				SWIFT_COMPILATION_MODE = wholemodule;
				SWIFT_OPTIMIZATION_LEVEL = "-O";
				VALIDATE_PRODUCT = YES;
			};
			name = Release;
		};
		848D33D12956601F00F242C4 /* Debug */ = {
			isa = XCBuildConfiguration;
			buildSettings = {
				ASSETCATALOG_COMPILER_APPICON_NAME = AppIcon;
				ASSETCATALOG_COMPILER_GLOBAL_ACCENT_COLOR_NAME = AccentColor;
				CODE_SIGN_STYLE = Automatic;
				CURRENT_PROJECT_VERSION = 1;
				DEVELOPMENT_ASSET_PATHS = "\"The_Learning_App/Preview Content\"";
				DEVELOPMENT_TEAM = A9UMG393DW;
				ENABLE_PREVIEWS = YES;
				GENERATE_INFOPLIST_FILE = YES;
				INFOPLIST_KEY_UIApplicationSceneManifest_Generation = YES;
				INFOPLIST_KEY_UIApplicationSupportsIndirectInputEvents = YES;
				INFOPLIST_KEY_UILaunchScreen_Generation = YES;
				INFOPLIST_KEY_UISupportedInterfaceOrientations_iPad = "UIInterfaceOrientationPortrait UIInterfaceOrientationPortraitUpsideDown UIInterfaceOrientationLandscapeLeft UIInterfaceOrientationLandscapeRight";
				INFOPLIST_KEY_UISupportedInterfaceOrientations_iPhone = "UIInterfaceOrientationPortrait UIInterfaceOrientationLandscapeLeft UIInterfaceOrientationLandscapeRight";
				LD_RUNPATH_SEARCH_PATHS = (
					"$(inherited)",
					"@executable_path/Frameworks",
				);
				MARKETING_VERSION = 1.0;
				PRODUCT_BUNDLE_IDENTIFIER = "com.mcewantech.The-Learning-App";
				PRODUCT_NAME = "$(TARGET_NAME)";
				SWIFT_EMIT_LOC_STRINGS = YES;
				SWIFT_VERSION = 5.0;
				TARGETED_DEVICE_FAMILY = "1,2";
			};
			name = Debug;
		};
		848D33D22956601F00F242C4 /* Release */ = {
			isa = XCBuildConfiguration;
			buildSettings = {
				ASSETCATALOG_COMPILER_APPICON_NAME = AppIcon;
				ASSETCATALOG_COMPILER_GLOBAL_ACCENT_COLOR_NAME = AccentColor;
				CODE_SIGN_STYLE = Automatic;
				CURRENT_PROJECT_VERSION = 1;
				DEVELOPMENT_ASSET_PATHS = "\"The_Learning_App/Preview Content\"";
				DEVELOPMENT_TEAM = A9UMG393DW;
				ENABLE_PREVIEWS = YES;
				GENERATE_INFOPLIST_FILE = YES;
				INFOPLIST_KEY_UIApplicationSceneManifest_Generation = YES;
				INFOPLIST_KEY_UIApplicationSupportsIndirectInputEvents = YES;
				INFOPLIST_KEY_UILaunchScreen_Generation = YES;
				INFOPLIST_KEY_UISupportedInterfaceOrientations_iPad = "UIInterfaceOrientationPortrait UIInterfaceOrientationPortraitUpsideDown UIInterfaceOrientationLandscapeLeft UIInterfaceOrientationLandscapeRight";
				INFOPLIST_KEY_UISupportedInterfaceOrientations_iPhone = "UIInterfaceOrientationPortrait UIInterfaceOrientationLandscapeLeft UIInterfaceOrientationLandscapeRight";
				LD_RUNPATH_SEARCH_PATHS = (
					"$(inherited)",
					"@executable_path/Frameworks",
				);
				MARKETING_VERSION = 1.0;
				PRODUCT_BUNDLE_IDENTIFIER = "com.mcewantech.The-Learning-App";
				PRODUCT_NAME = "$(TARGET_NAME)";
				SWIFT_EMIT_LOC_STRINGS = YES;
				SWIFT_VERSION = 5.0;
				TARGETED_DEVICE_FAMILY = "1,2";
			};
			name = Release;
		};
/* End XCBuildConfiguration section */

/* Begin XCConfigurationList section */
		848D33BD2956601E00F242C4 /* Build configuration list for PBXProject "The_Learning_App" */ = {
			isa = XCConfigurationList;
			buildConfigurations = (
				848D33CE2956601F00F242C4 /* Debug */,
				848D33CF2956601F00F242C4 /* Release */,
			);
			defaultConfigurationIsVisible = 0;
			defaultConfigurationName = Release;
		};
		848D33D02956601F00F242C4 /* Build configuration list for PBXNativeTarget "The_Learning_App" */ = {
			isa = XCConfigurationList;
			buildConfigurations = (
				848D33D12956601F00F242C4 /* Debug */,
				848D33D22956601F00F242C4 /* Release */,
			);
			defaultConfigurationIsVisible = 0;
			defaultConfigurationName = Release;
		};
/* End XCConfigurationList section */
	};
	rootObject = 848D33BA2956601E00F242C4 /* Project object */;
}
